
Microsoft Visual Studio Solution File, Format Version 12.00
# Visual Studio 2012
Project("{FAE04EC0-301F-11D3-BF4B-00C04F79EFBC}") = "FantoofaceServices", "FantoofaceServices\FantoofaceServices.csproj", "{F27278D0-F26E-4540-AF10-42D0B824C51A}"
EndProject
Project("{FAE04EC0-301F-11D3-BF4B-00C04F79EFBC}") = "Fantooface", "Fantooface\Fantooface.csproj", "{6B8C8A42-DAE0-4F26-A788-D12F7D02E23F}"
	ProjectSection(ProjectDependencies) = postProject
		{F27278D0-F26E-4540-AF10-42D0B824C51A} = {F27278D0-F26E-4540-AF10-42D0B824C51A}
	EndProjectSection
EndProject
Global
	GlobalSection(SolutionConfigurationPlatforms) = preSolution
		Debug|Any CPU = Debug|Any CPU
		Release|Any CPU = Release|Any CPU
	EndGlobalSection
	GlobalSection(ProjectConfigurationPlatforms) = postSolution
		{F27278D0-F26E-4540-AF10-42D0B824C51A}.Debug|Any CPU.ActiveCfg = Debug|Any CPU
		{F27278D0-F26E-4540-AF10-42D0B824C51A}.Debug|Any CPU.Build.0 = Debug|Any CPU
		{F27278D0-F26E-4540-AF10-42D0B824C51A}.Release|Any CPU.ActiveCfg = Release|Any CPU
		{F27278D0-F26E-4540-AF10-42D0B824C51A}.Release|Any CPU.Build.0 = Release|Any CPU
		{6B8C8A42-DAE0-4F26-A788-D12F7D02E23F}.Debug|Any CPU.ActiveCfg = Debug|Any CPU
		{6B8C8A42-DAE0-4F26-A788-D12F7D02E23F}.Debug|Any CPU.Build.0 = Debug|Any CPU
		{6B8C8A42-DAE0-4F26-A788-D12F7D02E23F}.Release|Any CPU.ActiveCfg = Release|Any CPU
		{6B8C8A42-DAE0-4F26-A788-D12F7D02E23F}.Release|Any CPU.Build.0 = Release|Any CPU
	EndGlobalSection
	GlobalSection(SolutionProperties) = preSolution
		HideSolutionNode = FALSE
	EndGlobalSection
EndGlobal
